
Microsoft Visual Studio Solution File, Format Version 12.00
# Visual Studio 15
VisualStudioVersion = 15.0.28307.1259
MinimumVisualStudioVersion = 10.0.40219.1
Project("{FAE04EC0-301F-11D3-BF4B-00C04F79EFBC}") = "A2CavanaghLonnyP1", "A2CavanaghLonnyP1\A2CavanaghLonnyP1.csproj", "{42E634FD-6D8F-498D-85FE-56C6EA4DAD54}"
EndProject
Global
	GlobalSection(SolutionConfigurationPlatforms) = preSolution
		Debug|Any CPU = Debug|Any CPU
		Release|Any CPU = Release|Any CPU
	EndGlobalSection
	GlobalSection(ProjectConfigurationPlatforms) = postSolution
		{42E634FD-6D8F-498D-85FE-56C6EA4DAD54}.Debug|Any CPU.ActiveCfg = Debug|Any CPU
		{42E634FD-6D8F-498D-85FE-56C6EA4DAD54}.Debug|Any CPU.Build.0 = Debug|Any CPU
		{42E634FD-6D8F-498D-85FE-56C6EA4DAD54}.Release|Any CPU.ActiveCfg = Release|Any CPU
		{42E634FD-6D8F-498D-85FE-56C6EA4DAD54}.Release|Any CPU.Build.0 = Release|Any CPU
	EndGlobalSection
	GlobalSection(SolutionProperties) = preSolution
		HideSolutionNode = FALSE
	EndGlobalSection
	GlobalSection(ExtensibilityGlobals) = postSolution
		SolutionGuid = {D09DD377-8F32-4B7E-979D-19918133AC2F}
	EndGlobalSection
EndGlobal
